// !$*UTF8*$!
{
	archiveVersion = 1;
	classes = {
	};
	objectVersion = 46;
	objects = {

/* Begin PBXBuildFile section */
		7D2F0FEA1BC219DC0057FD56 /* nmond.c in Sources */ = {isa = PBXBuildFile; fileRef = 7D2F0FD61BC219DC0057FD56 /* nmond.c */; settings = {ASSET_TAGS = (); }; };
		7D2F0FEC1BC219DC0057FD56 /* pidhash.c in Sources */ = {isa = PBXBuildFile; fileRef = 7D2F0FD91BC219DC0057FD56 /* pidhash.c */; settings = {ASSET_TAGS = (); }; };
		7D2F0FEF1BC219DC0057FD56 /* sysctlhelper.c in Sources */ = {isa = PBXBuildFile; fileRef = 7D2F0FDD1BC219DC0057FD56 /* sysctlhelper.c */; settings = {ASSET_TAGS = (); }; };
		7D2F0FF01BC219DC0057FD56 /* sysinfo.c in Sources */ = {isa = PBXBuildFile; fileRef = 7D2F0FDF1BC219DC0057FD56 /* sysinfo.c */; settings = {ASSET_TAGS = (); }; };
		7D2F0FF11BC219DC0057FD56 /* uibytesize.c in Sources */ = {isa = PBXBuildFile; fileRef = 7D2F0FE11BC219DC0057FD56 /* uibytesize.c */; settings = {ASSET_TAGS = (); }; };
		7D2F0FF21BC219DC0057FD56 /* uicli.c in Sources */ = {isa = PBXBuildFile; fileRef = 7D2F0FE31BC219DC0057FD56 /* uicli.c */; settings = {ASSET_TAGS = (); }; };
		7D2F0FF31BC219DC0057FD56 /* uicurses.c in Sources */ = {isa = PBXBuildFile; fileRef = 7D2F0FE51BC219DC0057FD56 /* uicurses.c */; settings = {ASSET_TAGS = (); }; };
		7D2F0FF61BC2260E0057FD56 /* CoreFoundation.framework in Frameworks */ = {isa = PBXBuildFile; fileRef = 7D2F0FF51BC2260E0057FD56 /* CoreFoundation.framework */; };
/* End PBXBuildFile section */

/* Begin PBXCopyFilesBuildPhase section */
		7D2F0FC81BC219BE0057FD56 /* CopyFiles */ = {
			isa = PBXCopyFilesBuildPhase;
			buildActionMask = 2147483647;
			dstPath = /usr/share/man/man1/;
			dstSubfolderSpec = 0;
			files = (
			);
			runOnlyForDeploymentPostprocessing = 1;
		};
/* End PBXCopyFilesBuildPhase section */

/* Begin PBXFileReference section */
		7D2F0FCA1BC219BE0057FD56 /* nmond */ = {isa = PBXFileReference; explicitFileType = "compiled.mach-o.executable"; includeInIndex = 0; path = nmond; sourceTree = BUILT_PRODUCTS_DIR; };
		7D2F0FD51BC219DB0057FD56 /* Makefile */ = {isa = PBXFileReference; fileEncoding = 4; lastKnownFileType = sourcecode.make; path = Makefile; sourceTree = "<group>"; };
		7D2F0FD61BC219DC0057FD56 /* nmond.c */ = {isa = PBXFileReference; fileEncoding = 4; lastKnownFileType = sourcecode.c.c; path = nmond.c; sourceTree = "<group>"; };
		7D2F0FD71BC219DC0057FD56 /* nmond.h */ = {isa = PBXFileReference; fileEncoding = 4; lastKnownFileType = sourcecode.c.h; path = nmond.h; sourceTree = "<group>"; };
		7D2F0FD91BC219DC0057FD56 /* pidhash.c */ = {isa = PBXFileReference; fileEncoding = 4; lastKnownFileType = sourcecode.c.c; path = pidhash.c; sourceTree = "<group>"; };
		7D2F0FDA1BC219DC0057FD56 /* pidhash.h */ = {isa = PBXFileReference; fileEncoding = 4; lastKnownFileType = sourcecode.c.h; path = pidhash.h; sourceTree = "<group>"; };
		7D2F0FDD1BC219DC0057FD56 /* sysctlhelper.c */ = {isa = PBXFileReference; fileEncoding = 4; lastKnownFileType = sourcecode.c.c; path = sysctlhelper.c; sourceTree = "<group>"; };
		7D2F0FDE1BC219DC0057FD56 /* sysctlhelper.h */ = {isa = PBXFileReference; fileEncoding = 4; lastKnownFileType = sourcecode.c.h; path = sysctlhelper.h; sourceTree = "<group>"; };
		7D2F0FDF1BC219DC0057FD56 /* sysinfo.c */ = {isa = PBXFileReference; fileEncoding = 4; lastKnownFileType = sourcecode.c.c; path = sysinfo.c; sourceTree = "<group>"; };
		7D2F0FE01BC219DC0057FD56 /* sysinfo.h */ = {isa = PBXFileReference; fileEncoding = 4; lastKnownFileType = sourcecode.c.h; path = sysinfo.h; sourceTree = "<group>"; };
		7D2F0FE11BC219DC0057FD56 /* uibytesize.c */ = {isa = PBXFileReference; fileEncoding = 4; lastKnownFileType = sourcecode.c.c; path = uibytesize.c; sourceTree = "<group>"; };
		7D2F0FE21BC219DC0057FD56 /* uibytesize.h */ = {isa = PBXFileReference; fileEncoding = 4; lastKnownFileType = sourcecode.c.h; path = uibytesize.h; sourceTree = "<group>"; };
		7D2F0FE31BC219DC0057FD56 /* uicli.c */ = {isa = PBXFileReference; fileEncoding = 4; lastKnownFileType = sourcecode.c.c; path = uicli.c; sourceTree = "<group>"; };
		7D2F0FE41BC219DC0057FD56 /* uicli.h */ = {isa = PBXFileReference; fileEncoding = 4; lastKnownFileType = sourcecode.c.h; path = uicli.h; sourceTree = "<group>"; };
		7D2F0FE51BC219DC0057FD56 /* uicurses.c */ = {isa = PBXFileReference; fileEncoding = 4; lastKnownFileType = sourcecode.c.c; path = uicurses.c; sourceTree = "<group>"; };
		7D2F0FE61BC219DC0057FD56 /* uicurses.h */ = {isa = PBXFileReference; fileEncoding = 4; lastKnownFileType = sourcecode.c.h; path = uicurses.h; sourceTree = "<group>"; };
		7D2F0FE71BC219DC0057FD56 /* xport.c */ = {isa = PBXFileReference; fileEncoding = 4; lastKnownFileType = sourcecode.c.c; path = xport.c; sourceTree = "<group>"; };
		7D2F0FE81BC219DC0057FD56 /* xport.h */ = {isa = PBXFileReference; fileEncoding = 4; lastKnownFileType = sourcecode.c.h; path = xport.h; sourceTree = "<group>"; };
		7D2F0FF51BC2260E0057FD56 /* CoreFoundation.framework */ = {isa = PBXFileReference; lastKnownFileType = wrapper.framework; name = CoreFoundation.framework; path = System/Library/Frameworks/CoreFoundation.framework; sourceTree = SDKROOT; };
/* End PBXFileReference section */

/* Begin PBXFrameworksBuildPhase section */
		7D2F0FC71BC219BE0057FD56 /* Frameworks */ = {
			isa = PBXFrameworksBuildPhase;
			buildActionMask = 2147483647;
			files = (
				7D2F0FF61BC2260E0057FD56 /* CoreFoundation.framework in Frameworks */,
			);
			runOnlyForDeploymentPostprocessing = 0;
		};
/* End PBXFrameworksBuildPhase section */

/* Begin PBXGroup section */
		7D2F0FC11BC219BE0057FD56 = {
			isa = PBXGroup;
			children = (
				7D2F0FF51BC2260E0057FD56 /* CoreFoundation.framework */,
				7D2F0FCC1BC219BE0057FD56 /* nmond */,
				7D2F0FCB1BC219BE0057FD56 /* Products */,
			);
			sourceTree = "<group>";
		};
		7D2F0FCB1BC219BE0057FD56 /* Products */ = {
			isa = PBXGroup;
			children = (
				7D2F0FCA1BC219BE0057FD56 /* nmond */,
			);
			name = Products;
			sourceTree = "<group>";
		};
		7D2F0FCC1BC219BE0057FD56 /* nmond */ = {
			isa = PBXGroup;
			children = (
				7D2F0FD51BC219DB0057FD56 /* Makefile */,
				7D2F0FD61BC219DC0057FD56 /* nmond.c */,
				7D2F0FD71BC219DC0057FD56 /* nmond.h */,
				7D2F0FD91BC219DC0057FD56 /* pidhash.c */,
				7D2F0FDA1BC219DC0057FD56 /* pidhash.h */,
				7D2F0FDD1BC219DC0057FD56 /* sysctlhelper.c */,
				7D2F0FDE1BC219DC0057FD56 /* sysctlhelper.h */,
				7D2F0FDF1BC219DC0057FD56 /* sysinfo.c */,
				7D2F0FE01BC219DC0057FD56 /* sysinfo.h */,
				7D2F0FE11BC219DC0057FD56 /* uibytesize.c */,
				7D2F0FE21BC219DC0057FD56 /* uibytesize.h */,
				7D2F0FE31BC219DC0057FD56 /* uicli.c */,
				7D2F0FE41BC219DC0057FD56 /* uicli.h */,
				7D2F0FE51BC219DC0057FD56 /* uicurses.c */,
				7D2F0FE61BC219DC0057FD56 /* uicurses.h */,
				7D2F0FE71BC219DC0057FD56 /* xport.c */,
				7D2F0FE81BC219DC0057FD56 /* xport.h */,
			);
			path = nmond;
			sourceTree = "<group>";
		};
/* End PBXGroup section */

/* Begin PBXNativeTarget section */
		7D2F0FC91BC219BE0057FD56 /* nmond */ = {
			isa = PBXNativeTarget;
			buildConfigurationList = 7D2F0FD11BC219BE0057FD56 /* Build configuration list for PBXNativeTarget "nmond" */;
			buildPhases = (
				7D2F0FC61BC219BE0057FD56 /* Sources */,
				7D2F0FC71BC219BE0057FD56 /* Frameworks */,
				7D2F0FC81BC219BE0057FD56 /* CopyFiles */,
			);
			buildRules = (
			);
			dependencies = (
			);
			name = nmond;
			productName = nmond;
			productReference = 7D2F0FCA1BC219BE0057FD56 /* nmond */;
			productType = "com.apple.product-type.tool";
		};
/* End PBXNativeTarget section */

/* Begin PBXProject section */
		7D2F0FC21BC219BE0057FD56 /* Project object */ = {
			isa = PBXProject;
			attributes = {
				LastUpgradeCheck = 0700;
				ORGANIZATIONNAME = "Christopher Stoll";
				TargetAttributes = {
					7D2F0FC91BC219BE0057FD56 = {
						CreatedOnToolsVersion = 7.0.1;
					};
				};
			};
			buildConfigurationList = 7D2F0FC51BC219BE0057FD56 /* Build configuration list for PBXProject "nmond" */;
			compatibilityVersion = "Xcode 3.2";
			developmentRegion = English;
			hasScannedForEncodings = 0;
			knownRegions = (
				en,
			);
			mainGroup = 7D2F0FC11BC219BE0057FD56;
			productRefGroup = 7D2F0FCB1BC219BE0057FD56 /* Products */;
			projectDirPath = "";
			projectRoot = "";
			targets = (
				7D2F0FC91BC219BE0057FD56 /* nmond */,
			);
		};
/* End PBXProject section */

/* Begin PBXSourcesBuildPhase section */
		7D2F0FC61BC219BE0057FD56 /* Sources */ = {
			isa = PBXSourcesBuildPhase;
			buildActionMask = 2147483647;
			files = (
				7D2F0FF01BC219DC0057FD56 /* sysinfo.c in Sources */,
				7D2F0FF11BC219DC0057FD56 /* uibytesize.c in Sources */,
				7D2F0FEF1BC219DC0057FD56 /* sysctlhelper.c in Sources */,
				7D2F0FF21BC219DC0057FD56 /* uicli.c in Sources */,
				7D2F0FEA1BC219DC0057FD56 /* nmond.c in Sources */,
				7D2F0FF31BC219DC0057FD56 /* uicurses.c in Sources */,
				7D2F0FEC1BC219DC0057FD56 /* pidhash.c in Sources */,
			);
			runOnlyForDeploymentPostprocessing = 0;
		};
/* End PBXSourcesBuildPhase section */

/* Begin XCBuildConfiguration section */
		7D2F0FCF1BC219BE0057FD56 /* Debug */ = {
			isa = XCBuildConfiguration;
			buildSettings = {
				ALWAYS_SEARCH_USER_PATHS = NO;
				CLANG_CXX_LANGUAGE_STANDARD = "gnu++0x";
				CLANG_CXX_LIBRARY = "libc++";
				CLANG_ENABLE_MODULES = YES;
				CLANG_ENABLE_OBJC_ARC = YES;
				CLANG_WARN_BOOL_CONVERSION = YES;
				CLANG_WARN_CONSTANT_CONVERSION = YES;
				CLANG_WARN_DIRECT_OBJC_ISA_USAGE = YES_ERROR;
				CLANG_WARN_EMPTY_BODY = YES;
				CLANG_WARN_ENUM_CONVERSION = YES;
				CLANG_WARN_INT_CONVERSION = YES;
				CLANG_WARN_OBJC_ROOT_CLASS = YES_ERROR;
				CLANG_WARN_UNREACHABLE_CODE = YES;
				CLANG_WARN__DUPLICATE_METHOD_MATCH = YES;
				COPY_PHASE_STRIP = NO;
				DEBUG_INFORMATION_FORMAT = dwarf;
				ENABLE_STRICT_OBJC_MSGSEND = YES;
				ENABLE_TESTABILITY = YES;
				GCC_C_LANGUAGE_STANDARD = gnu99;
				GCC_DYNAMIC_NO_PIC = NO;
				GCC_NO_COMMON_BLOCKS = YES;
				GCC_OPTIMIZATION_LEVEL = 0;
				GCC_PREPROCESSOR_DEFINITIONS = (
					"DEBUG=1",
					"$(inherited)",
				);
				GCC_WARN_64_TO_32_BIT_CONVERSION = YES;
				GCC_WARN_ABOUT_RETURN_TYPE = YES_ERROR;
				GCC_WARN_UNDECLARED_SELECTOR = YES;
				GCC_WARN_UNINITIALIZED_AUTOS = YES_AGGRESSIVE;
				GCC_WARN_UNUSED_FUNCTION = YES;
				GCC_WARN_UNUSED_VARIABLE = YES;
				MACOSX_DEPLOYMENT_TARGET = 10.11;
				MTL_ENABLE_DEBUG_INFO = YES;
				ONLY_ACTIVE_ARCH = YES;
				"OTHER_LDFLAGS[arch=*]" = "-lncurses";
				SDKROOT = macosx;
			};
			name = Debug;
		};
		7D2F0FD01BC219BE0057FD56 /* Release */ = {
			isa = XCBuildConfiguration;
			buildSettings = {
				ALWAYS_SEARCH_USER_PATHS = NO;
				CLANG_CXX_LANGUAGE_STANDARD = "gnu++0x";
				CLANG_CXX_LIBRARY = "libc++";
				CLANG_ENABLE_MODULES = YES;
				CLANG_ENABLE_OBJC_ARC = YES;
				CLANG_WARN_BOOL_CONVERSION = YES;
				CLANG_WARN_CONSTANT_CONVERSION = YES;
				CLANG_WARN_DIRECT_OBJC_ISA_USAGE = YES_ERROR;
				CLANG_WARN_EMPTY_BODY = YES;
				CLANG_WARN_ENUM_CONVERSION = YES;
				CLANG_WARN_INT_CONVERSION = YES;
				CLANG_WARN_OBJC_ROOT_CLASS = YES_ERROR;
				CLANG_WARN_UNREACHABLE_CODE = YES;
				CLANG_WARN__DUPLICATE_METHOD_MATCH = YES;
				COPY_PHASE_STRIP = NO;
				DEBUG_INFORMATION_FORMAT = "dwarf-with-dsym";
				ENABLE_NS_ASSERTIONS = NO;
				ENABLE_STRICT_OBJC_MSGSEND = YES;
				GCC_C_LANGUAGE_STANDARD = gnu99;
				GCC_NO_COMMON_BLOCKS = YES;
				GCC_WARN_64_TO_32_BIT_CONVERSION = YES;
				GCC_WARN_ABOUT_RETURN_TYPE = YES_ERROR;
				GCC_WARN_UNDECLARED_SELECTOR = YES;
				GCC_WARN_UNINITIALIZED_AUTOS = YES_AGGRESSIVE;
				GCC_WARN_UNUSED_FUNCTION = YES;
				GCC_WARN_UNUSED_VARIABLE = YES;
				MACOSX_DEPLOYMENT_TARGET = 10.11;
				MTL_ENABLE_DEBUG_INFO = NO;
				"OTHER_LDFLAGS[arch=*]" = "-lncurses";
				SDKROOT = macosx;
			};
			name = Release;
		};
		7D2F0FD21BC219BE0057FD56 /* Debug */ = {
			isa = XCBuildConfiguration;
			buildSettings = {
				PRODUCT_NAME = "$(TARGET_NAME)";
			};
			name = Debug;
		};
		7D2F0FD31BC219BE0057FD56 /* Release */ = {
			isa = XCBuildConfiguration;
			buildSettings = {
				PRODUCT_NAME = "$(TARGET_NAME)";
			};
			name = Release;
		};
/* End XCBuildConfiguration section */

/* Begin XCConfigurationList section */
		7D2F0FC51BC219BE0057FD56 /* Build configuration list for PBXProject "nmond" */ = {
			isa = XCConfigurationList;
			buildConfigurations = (
				7D2F0FCF1BC219BE0057FD56 /* Debug */,
				7D2F0FD01BC219BE0057FD56 /* Release */,
			);
			defaultConfigurationIsVisible = 0;
			defaultConfigurationName = Release;
		};
		7D2F0FD11BC219BE0057FD56 /* Build configuration list for PBXNativeTarget "nmond" */ = {
			isa = XCConfigurationList;
			buildConfigurations = (
				7D2F0FD21BC219BE0057FD56 /* Debug */,
				7D2F0FD31BC219BE0057FD56 /* Release */,
			);
			defaultConfigurationIsVisible = 0;
			defaultConfigurationName = Release;
		};
/* End XCConfigurationList section */
	};
	rootObject = 7D2F0FC21BC219BE0057FD56 /* Project object */;
}
